
Microsoft Visual Studio Solution File, Format Version 12.00
# Visual Studio Version 16
VisualStudioVersion = 16.0.30804.86
MinimumVisualStudioVersion = 10.0.40219.1
Project("{FAE04EC0-301F-11D3-BF4B-00C04F79EFBC}") = "ZavrsenProekt", "ZavrsenProekt\ZavrsenProekt.csproj", "{FDD44DFF-041E-4705-8368-F49AD01D1A10}"
EndProject
Global
	GlobalSection(SolutionConfigurationPlatforms) = preSolution
		Debug|Any CPU = Debug|Any CPU
		Release|Any CPU = Release|Any CPU
	EndGlobalSection
	GlobalSection(ProjectConfigurationPlatforms) = postSolution
		{FDD44DFF-041E-4705-8368-F49AD01D1A10}.Debug|Any CPU.ActiveCfg = Debug|Any CPU
		{FDD44DFF-041E-4705-8368-F49AD01D1A10}.Debug|Any CPU.Build.0 = Debug|Any CPU
		{FDD44DFF-041E-4705-8368-F49AD01D1A10}.Release|Any CPU.ActiveCfg = Release|Any CPU
		{FDD44DFF-041E-4705-8368-F49AD01D1A10}.Release|Any CPU.Build.0 = Release|Any CPU
	EndGlobalSection
	GlobalSection(SolutionProperties) = preSolution
		HideSolutionNode = FALSE
	EndGlobalSection
	GlobalSection(ExtensibilityGlobals) = postSolution
		SolutionGuid = {2E57F96B-078F-4C2F-8E29-E0123770C495}
	EndGlobalSection
EndGlobal
